
Microsoft Visual Studio Solution File, Format Version 12.00
# Visual Studio Version 17
VisualStudioVersion = 17.5.002.0
MinimumVisualStudioVersion = 10.0.40219.1
Project("{9A19103F-16F7-4668-BE54-9A1E7A4F7556}") = "SharpProject", "SharpProject.csproj", "{142A0B98-7177-4D59-AAC2-C4D79B6BEC6C}"
EndProject
Global
	GlobalSection(SolutionConfigurationPlatforms) = preSolution
		Debug|Any CPU = Debug|Any CPU
		Release|Any CPU = Release|Any CPU
	EndGlobalSection
	GlobalSection(ProjectConfigurationPlatforms) = postSolution
		{142A0B98-7177-4D59-AAC2-C4D79B6BEC6C}.Debug|Any CPU.ActiveCfg = Debug|Any CPU
		{142A0B98-7177-4D59-AAC2-C4D79B6BEC6C}.Debug|Any CPU.Build.0 = Debug|Any CPU
		{142A0B98-7177-4D59-AAC2-C4D79B6BEC6C}.Release|Any CPU.ActiveCfg = Release|Any CPU
		{142A0B98-7177-4D59-AAC2-C4D79B6BEC6C}.Release|Any CPU.Build.0 = Release|Any CPU
	EndGlobalSection
	GlobalSection(SolutionProperties) = preSolution
		HideSolutionNode = FALSE
	EndGlobalSection
	GlobalSection(ExtensibilityGlobals) = postSolution
		SolutionGuid = {310BB4A0-EDBB-4AE7-AC4A-9ACF5940477E}
	EndGlobalSection
EndGlobal
